
Microsoft Visual Studio Solution File, Format Version 12.00
# Visual Studio Version 16
VisualStudioVersion = 16.0.28714.193
MinimumVisualStudioVersion = 10.0.40219.1
Project("{FAE04EC0-301F-11D3-BF4B-00C04F79EFBC}") = "tcpforward", "tcpforward\tcpforward.csproj", "{2F0E682C-6684-4E62-B06A-68717590D4CD}"
EndProject
Global
	GlobalSection(SolutionConfigurationPlatforms) = preSolution
		Debug|Any CPU = Debug|Any CPU
		Release|Any CPU = Release|Any CPU
	EndGlobalSection
	GlobalSection(ProjectConfigurationPlatforms) = postSolution
		{2F0E682C-6684-4E62-B06A-68717590D4CD}.Debug|Any CPU.ActiveCfg = Debug|Any CPU
		{2F0E682C-6684-4E62-B06A-68717590D4CD}.Debug|Any CPU.Build.0 = Debug|Any CPU
		{2F0E682C-6684-4E62-B06A-68717590D4CD}.Release|Any CPU.ActiveCfg = Release|Any CPU
		{2F0E682C-6684-4E62-B06A-68717590D4CD}.Release|Any CPU.Build.0 = Release|Any CPU
	EndGlobalSection
	GlobalSection(SolutionProperties) = preSolution
		HideSolutionNode = FALSE
	EndGlobalSection
	GlobalSection(ExtensibilityGlobals) = postSolution
		SolutionGuid = {8EE21B9B-DFA0-4A49-B7C5-6227FF3BF217}
	EndGlobalSection
EndGlobal
